
Microsoft Visual Studio Solution File, Format Version 12.00
# Visual Studio Version 17
VisualStudioVersion = 17.5.33627.172
MinimumVisualStudioVersion = 10.0.40219.1
Project("{FAE04EC0-301F-11D3-BF4B-00C04F79EFBC}") = "minimal api", "minimal api\minimal api.csproj", "{82CA10C6-5C70-448E-8F16-4015FAC6DF74}"
EndProject
Global
	GlobalSection(SolutionConfigurationPlatforms) = preSolution
		Debug|Any CPU = Debug|Any CPU
		Release|Any CPU = Release|Any CPU
	EndGlobalSection
	GlobalSection(ProjectConfigurationPlatforms) = postSolution
		{82CA10C6-5C70-448E-8F16-4015FAC6DF74}.Debug|Any CPU.ActiveCfg = Debug|Any CPU
		{82CA10C6-5C70-448E-8F16-4015FAC6DF74}.Debug|Any CPU.Build.0 = Debug|Any CPU
		{82CA10C6-5C70-448E-8F16-4015FAC6DF74}.Release|Any CPU.ActiveCfg = Release|Any CPU
		{82CA10C6-5C70-448E-8F16-4015FAC6DF74}.Release|Any CPU.Build.0 = Release|Any CPU
	EndGlobalSection
	GlobalSection(SolutionProperties) = preSolution
		HideSolutionNode = FALSE
	EndGlobalSection
	GlobalSection(ExtensibilityGlobals) = postSolution
		SolutionGuid = {3C36377A-A3D3-44EB-9CEE-54952D8E0CB4}
	EndGlobalSection
EndGlobal
